{
  "version": 4,
  "terraform_version": "1.4.5",
  "serial": 30,
  "lineage": "e77b9f28-0159-22b7-6070-eb4d46b60c17",
  "outputs": {
    "public_ip_address": {
      "value": "mtcvm: 52.170.252.45",
      "type": "string"
    }
  },
  "resources": [
    {
      "mode": "data",
      "type": "azurerm_public_ip",
      "name": "mtc_ip_data",
      "provider": "provider[\"registry.terraform.io/hashicorp/azurerm\"]",
      "instances": [
        {
          "schema_version": 0,
          "attributes": {
            "allocation_method": "Dynamic",
            "domain_name_label": "",
            "fqdn": "",
            "id": "/subscriptions/3a6c1aa9-d3d2-429e-aa5e-003bc92afadd/resourceGroups/mtc_resources/providers/Microsoft.Network/publicIPAddresses/mtc_ip",
            "idle_timeout_in_minutes": 4,
            "ip_address": "52.170.252.45",
            "ip_tags": {},
            "ip_version": "IPv4",
            "location": "eastus",
            "name": "mtc_ip",
            "resource_group_name": "mtc_resources",
            "reverse_fqdn": "",
            "sku": "Basic",
            "tags": {
              "environment": "dev"
            },
            "timeouts": null,
            "zones": []
          },
          "sensitive_attributes": []
        }
      ]
    },
    {
      "mode": "managed",
      "type": "azurerm_linux_virtual_machine",
      "name": "mtc_vm",
      "provider": "provider[\"registry.terraform.io/hashicorp/azurerm\"]",
      "instances": [
        {
          "schema_version": 0,
          "attributes": {
            "additional_capabilities": [],
            "admin_password": null,
            "admin_ssh_key": [
              {
                "public_key": "ssh-rsa AAAAB3NzaC1yc2EAAAADAQABAAABgQDAwI8pKbVlJy8E1CMbugkSBmcsx0QkiPwDQc9W5k18sC1lhEzbIzJjEBhUaSeZrhMNdCYB2NL15EWqaQ3MQ72ck3x15Sh1LIeW3ZUx7W8EwnMZLAxHbUKjhhAeUAJGYb6qJtB4rnuNmeahPNa8fwdhgbzCscOrSqxhyyzrajW3hz1HObnh3PLRcLqZG9DpOQa5phSFxK4YU2UGpbsw/o5xDwA+5uFj9Ac+q+du0ERFYvwwugt16fQ2auSDj11oM3xn96fKBAba+EQn7X1LLw8CGzeBUullcNqTz7lMwpmzOeSxPzMIWHUtgEhIuMkr23umvXtLHG1ti443QItqDW9DlE54hPzfaNjJOzoo7jPR0Pfgk3GuV1QLB4bLKq2JOlg7W75Ku63Q0IiVTS6K0s8nyjeJ9/pkeJxB+o8lrtBWYXYPPVwIMiGNzctfLkNQYx0auFgttv8bndQQitBgLsknTI6f5SNhXWXKdlrV/zlB5qqlM7M/j7b4l6PXmyOr21k= babor@LAPTOP-MR3O518V\r\n",
                "username": "adminuser"
              }
            ],
            "admin_username": "adminuser",
            "allow_extension_operations": true,
            "availability_set_id": "",
            "boot_diagnostics": [],
            "computer_name": "mtcvm",
            "custom_data": "IyEvYmluL2Jhc2gNCnN1ZG8gYXB0LWdldCB1cGRhdGUgLXkgJiYNCnN1ZG8gYXB0LWdldCBpbnN0YWxsIC15IFwNCmFwdC10cmFuc3BvcnQtaHR0cHMgXA0KY2EtY2VydGlmaWNhdGVzIFwNCmN1cmwgXA0KZ251cGctYWdlbnQgXA0Kc29mdHdhcmUtcHJvcGVydGllcy1jb21tb24gJiYNCmN1cmwgLWZzU0wgaHR0cHM6Ly9kb3dubG9hZC5kb2NrZXIuY29tL2xpbnV4L3VidW50dS9ncGcgfCBzdWRvIGFwdC1rZXkgYWRkIC0gJiYNCnN1ZG8gYWRkLWFwdC1yZXBvc2l0b3J5ICJkZWIgW2FyY2g9YW1kNjRdIGh0dHBzOi8vZG93bmxvYWQuZG9ja2VyLmNvbS9saW51eC91YnVudHUgJChsc2JfcmVsZWFzZSAtY3MpIHN0YWJsZSIgJiYNCnN1ZG8gYXB0LWdldCB1cGRhdGUgLXkgJiYNCnN1ZG8gc3VkbyBhcHQtZ2V0IGluc3RhbGwgZG9ja2VyLWNlIGRvY2tlci1jZS1jbGkgY29udGFpbmVyZC5pbyAteSAmJg0Kc3VkbyB1c2VybW9kIC1hRyBkb2NrZXIgYWRtaW51c2Vy",
            "dedicated_host_group_id": "",
            "dedicated_host_id": "",
            "disable_password_authentication": true,
            "edge_zone": "",
            "encryption_at_host_enabled": false,
            "eviction_policy": "",
            "extensions_time_budget": "PT1H30M",
            "id": "/subscriptions/3a6c1aa9-d3d2-429e-aa5e-003bc92afadd/resourceGroups/mtc_resources/providers/Microsoft.Compute/virtualMachines/mtcvm",
            "identity": [],
            "license_type": "",
            "location": "eastus",
            "max_bid_price": -1,
            "name": "mtcvm",
            "network_interface_ids": [
              "/subscriptions/3a6c1aa9-d3d2-429e-aa5e-003bc92afadd/resourceGroups/mtc_resources/providers/Microsoft.Network/networkInterfaces/mtc_nic"
            ],
            "os_disk": [
              {
                "caching": "ReadWrite",
                "diff_disk_settings": [],
                "disk_encryption_set_id": "",
                "disk_size_gb": 30,
                "name": "mtcvm_OsDisk_1_122bf7a1975e4f82bcd59c5f26c86673",
                "storage_account_type": "Standard_LRS",
                "write_accelerator_enabled": false
              }
            ],
            "patch_mode": "ImageDefault",
            "plan": [],
            "platform_fault_domain": -1,
            "priority": "Regular",
            "private_ip_address": "10.123.1.4",
            "private_ip_addresses": [
              "10.123.1.4"
            ],
            "provision_vm_agent": true,
            "proximity_placement_group_id": "",
            "public_ip_address": "52.170.252.45",
            "public_ip_addresses": [
              "52.170.252.45"
            ],
            "resource_group_name": "mtc_resources",
            "secret": [],
            "secure_boot_enabled": false,
            "size": "Standard_B1s",
            "source_image_id": "",
            "source_image_reference": [
              {
                "offer": "UbuntuServer",
                "publisher": "Canonical",
                "sku": "18.04-LTS",
                "version": "latest"
              }
            ],
            "tags": {
              "environment": "dev"
            },
            "termination_notification": [],
            "timeouts": null,
            "user_data": "",
            "virtual_machine_id": "bf71c897-884b-4ff7-bbf2-808992a027a0",
            "virtual_machine_scale_set_id": "",
            "vtpm_enabled": false,
            "zone": ""
          },
          "sensitive_attributes": [],
          "private": "eyJlMmJmYjczMC1lY2FhLTExZTYtOGY4OC0zNDM2M2JjN2M0YzAiOnsiY3JlYXRlIjoyNzAwMDAwMDAwMDAwLCJkZWxldGUiOjI3MDAwMDAwMDAwMDAsInJlYWQiOjMwMDAwMDAwMDAwMCwidXBkYXRlIjoyNzAwMDAwMDAwMDAwfX0=",
          "dependencies": [
            "azurerm_network_interface.mtc_nic",
            "azurerm_public_ip.mtc_ip",
            "azurerm_resource_group.mtc_rg",
            "azurerm_subnet.mtc_subnet",
            "azurerm_virtual_network.mtc_vn"
          ]
        }
      ]
    },
    {
      "mode": "managed",
      "type": "azurerm_network_interface",
      "name": "mtc_nic",
      "provider": "provider[\"registry.terraform.io/hashicorp/azurerm\"]",
      "instances": [
        {
          "schema_version": 0,
          "attributes": {
            "applied_dns_servers": [],
            "dns_servers": [],
            "edge_zone": "",
            "enable_accelerated_networking": false,
            "enable_ip_forwarding": false,
            "id": "/subscriptions/3a6c1aa9-d3d2-429e-aa5e-003bc92afadd/resourceGroups/mtc_resources/providers/Microsoft.Network/networkInterfaces/mtc_nic",
            "internal_dns_name_label": "",
            "internal_domain_name_suffix": "o2caxu0oz3buvfofvmr41ajuxc.bx.internal.cloudapp.net",
            "ip_configuration": [
              {
                "gateway_load_balancer_frontend_ip_configuration_id": "",
                "name": "internal",
                "primary": true,
                "private_ip_address": "10.123.1.4",
                "private_ip_address_allocation": "Dynamic",
                "private_ip_address_version": "IPv4",
                "public_ip_address_id": "/subscriptions/3a6c1aa9-d3d2-429e-aa5e-003bc92afadd/resourceGroups/mtc_resources/providers/Microsoft.Network/publicIPAddresses/mtc_ip",
                "subnet_id": "/subscriptions/3a6c1aa9-d3d2-429e-aa5e-003bc92afadd/resourceGroups/mtc_resources/providers/Microsoft.Network/virtualNetworks/mtc_network/subnets/mtc_subnet"
              }
            ],
            "location": "eastus",
            "mac_address": "00-0D-3A-15-5A-DA",
            "name": "mtc_nic",
            "private_ip_address": "10.123.1.4",
            "private_ip_addresses": [
              "10.123.1.4"
            ],
            "resource_group_name": "mtc_resources",
            "tags": {},
            "timeouts": null,
            "virtual_machine_id": "/subscriptions/3a6c1aa9-d3d2-429e-aa5e-003bc92afadd/resourceGroups/mtc_resources/providers/Microsoft.Compute/virtualMachines/mtcvm"
          },
          "sensitive_attributes": [],
          "private": "eyJlMmJmYjczMC1lY2FhLTExZTYtOGY4OC0zNDM2M2JjN2M0YzAiOnsiY3JlYXRlIjoxODAwMDAwMDAwMDAwLCJkZWxldGUiOjE4MDAwMDAwMDAwMDAsInJlYWQiOjMwMDAwMDAwMDAwMCwidXBkYXRlIjoxODAwMDAwMDAwMDAwfX0=",
          "dependencies": [
            "azurerm_public_ip.mtc_ip",
            "azurerm_resource_group.mtc_rg",
            "azurerm_subnet.mtc_subnet",
            "azurerm_virtual_network.mtc_vn"
          ]
        }
      ]
    },
    {
      "mode": "managed",
      "type": "azurerm_network_security_group",
      "name": "mtc_sg",
      "provider": "provider[\"registry.terraform.io/hashicorp/azurerm\"]",
      "instances": [
        {
          "schema_version": 0,
          "attributes": {
            "id": "/subscriptions/3a6c1aa9-d3d2-429e-aa5e-003bc92afadd/resourceGroups/mtc_resources/providers/Microsoft.Network/networkSecurityGroups/mtc_sg",
            "location": "eastus",
            "name": "mtc_sg",
            "resource_group_name": "mtc_resources",
            "security_rule": [
              {
                "access": "Allow",
                "description": "",
                "destination_address_prefix": "*",
                "destination_address_prefixes": [],
                "destination_application_security_group_ids": [],
                "destination_port_range": "*",
                "destination_port_ranges": [],
                "direction": "Inbound",
                "name": "mtc_dev_rule",
                "priority": 100,
                "protocol": "*",
                "source_address_prefix": "*",
                "source_address_prefixes": [],
                "source_application_security_group_ids": [],
                "source_port_range": "*",
                "source_port_ranges": []
              }
            ],
            "tags": {
              "environment": "dev"
            },
            "timeouts": null
          },
          "sensitive_attributes": [],
          "private": "eyJlMmJmYjczMC1lY2FhLTExZTYtOGY4OC0zNDM2M2JjN2M0YzAiOnsiY3JlYXRlIjoxODAwMDAwMDAwMDAwLCJkZWxldGUiOjE4MDAwMDAwMDAwMDAsInJlYWQiOjMwMDAwMDAwMDAwMCwidXBkYXRlIjoxODAwMDAwMDAwMDAwfX0=",
          "dependencies": [
            "azurerm_resource_group.mtc_rg"
          ]
        }
      ]
    },
    {
      "mode": "managed",
      "type": "azurerm_network_security_rule",
      "name": "mtc_dev_rule",
      "provider": "provider[\"registry.terraform.io/hashicorp/azurerm\"]",
      "instances": [
        {
          "schema_version": 0,
          "attributes": {
            "access": "Allow",
            "description": "",
            "destination_address_prefix": "*",
            "destination_address_prefixes": [],
            "destination_application_security_group_ids": [],
            "destination_port_range": "*",
            "destination_port_ranges": [],
            "direction": "Inbound",
            "id": "/subscriptions/3a6c1aa9-d3d2-429e-aa5e-003bc92afadd/resourceGroups/mtc_resources/providers/Microsoft.Network/networkSecurityGroups/mtc_sg/securityRules/mtc_dev_rule",
            "name": "mtc_dev_rule",
            "network_security_group_name": "mtc_sg",
            "priority": 100,
            "protocol": "*",
            "resource_group_name": "mtc_resources",
            "source_address_prefix": "*",
            "source_address_prefixes": [],
            "source_application_security_group_ids": [],
            "source_port_range": "*",
            "source_port_ranges": [],
            "timeouts": null
          },
          "sensitive_attributes": [],
          "private": "eyJlMmJmYjczMC1lY2FhLTExZTYtOGY4OC0zNDM2M2JjN2M0YzAiOnsiY3JlYXRlIjoxODAwMDAwMDAwMDAwLCJkZWxldGUiOjE4MDAwMDAwMDAwMDAsInJlYWQiOjMwMDAwMDAwMDAwMCwidXBkYXRlIjoxODAwMDAwMDAwMDAwfX0=",
          "dependencies": [
            "azurerm_network_security_group.mtc_sg",
            "azurerm_resource_group.mtc_rg"
          ]
        }
      ]
    },
    {
      "mode": "managed",
      "type": "azurerm_public_ip",
      "name": "mtc_ip",
      "provider": "provider[\"registry.terraform.io/hashicorp/azurerm\"]",
      "instances": [
        {
          "schema_version": 0,
          "attributes": {
            "allocation_method": "Dynamic",
            "domain_name_label": null,
            "edge_zone": "",
            "fqdn": null,
            "id": "/subscriptions/3a6c1aa9-d3d2-429e-aa5e-003bc92afadd/resourceGroups/mtc_resources/providers/Microsoft.Network/publicIPAddresses/mtc_ip",
            "idle_timeout_in_minutes": 4,
            "ip_address": "52.170.252.45",
            "ip_tags": {},
            "ip_version": "IPv4",
            "location": "eastus",
            "name": "mtc_ip",
            "public_ip_prefix_id": null,
            "resource_group_name": "mtc_resources",
            "reverse_fqdn": null,
            "sku": "Basic",
            "sku_tier": "Regional",
            "tags": {
              "environment": "dev"
            },
            "timeouts": null,
            "zones": []
          },
          "sensitive_attributes": [],
          "private": "eyJlMmJmYjczMC1lY2FhLTExZTYtOGY4OC0zNDM2M2JjN2M0YzAiOnsiY3JlYXRlIjoxODAwMDAwMDAwMDAwLCJkZWxldGUiOjE4MDAwMDAwMDAwMDAsInJlYWQiOjMwMDAwMDAwMDAwMCwidXBkYXRlIjoxODAwMDAwMDAwMDAwfX0=",
          "dependencies": [
            "azurerm_resource_group.mtc_rg"
          ]
        }
      ]
    },
    {
      "mode": "managed",
      "type": "azurerm_resource_group",
      "name": "mtc_rg",
      "provider": "provider[\"registry.terraform.io/hashicorp/azurerm\"]",
      "instances": [
        {
          "schema_version": 0,
          "attributes": {
            "id": "/subscriptions/3a6c1aa9-d3d2-429e-aa5e-003bc92afadd/resourceGroups/mtc_resources",
            "location": "eastus",
            "name": "mtc_resources",
            "tags": {
              "environment": "dev"
            },
            "timeouts": null
          },
          "sensitive_attributes": [],
          "private": "eyJlMmJmYjczMC1lY2FhLTExZTYtOGY4OC0zNDM2M2JjN2M0YzAiOnsiY3JlYXRlIjo1NDAwMDAwMDAwMDAwLCJkZWxldGUiOjU0MDAwMDAwMDAwMDAsInJlYWQiOjMwMDAwMDAwMDAwMCwidXBkYXRlIjo1NDAwMDAwMDAwMDAwfX0="
        }
      ]
    },
    {
      "mode": "managed",
      "type": "azurerm_subnet",
      "name": "mtc_subnet",
      "provider": "provider[\"registry.terraform.io/hashicorp/azurerm\"]",
      "instances": [
        {
          "schema_version": 0,
          "attributes": {
            "address_prefixes": [
              "10.123.1.0/24"
            ],
            "delegation": [],
            "enforce_private_link_endpoint_network_policies": false,
            "enforce_private_link_service_network_policies": false,
            "id": "/subscriptions/3a6c1aa9-d3d2-429e-aa5e-003bc92afadd/resourceGroups/mtc_resources/providers/Microsoft.Network/virtualNetworks/mtc_network/subnets/mtc_subnet",
            "name": "mtc_subnet",
            "resource_group_name": "mtc_resources",
            "service_endpoint_policy_ids": [],
            "service_endpoints": [],
            "timeouts": null,
            "virtual_network_name": "mtc_network"
          },
          "sensitive_attributes": [],
          "private": "eyJlMmJmYjczMC1lY2FhLTExZTYtOGY4OC0zNDM2M2JjN2M0YzAiOnsiY3JlYXRlIjoxODAwMDAwMDAwMDAwLCJkZWxldGUiOjE4MDAwMDAwMDAwMDAsInJlYWQiOjMwMDAwMDAwMDAwMCwidXBkYXRlIjoxODAwMDAwMDAwMDAwfX0=",
          "dependencies": [
            "azurerm_resource_group.mtc_rg",
            "azurerm_virtual_network.mtc_vn"
          ]
        }
      ]
    },
    {
      "mode": "managed",
      "type": "azurerm_subnet_network_security_group_association",
      "name": "mtc_sga",
      "provider": "provider[\"registry.terraform.io/hashicorp/azurerm\"]",
      "instances": [
        {
          "schema_version": 0,
          "attributes": {
            "id": "/subscriptions/3a6c1aa9-d3d2-429e-aa5e-003bc92afadd/resourceGroups/mtc_resources/providers/Microsoft.Network/virtualNetworks/mtc_network/subnets/mtc_subnet",
            "network_security_group_id": "/subscriptions/3a6c1aa9-d3d2-429e-aa5e-003bc92afadd/resourceGroups/mtc_resources/providers/Microsoft.Network/networkSecurityGroups/mtc_sg",
            "subnet_id": "/subscriptions/3a6c1aa9-d3d2-429e-aa5e-003bc92afadd/resourceGroups/mtc_resources/providers/Microsoft.Network/virtualNetworks/mtc_network/subnets/mtc_subnet",
            "timeouts": null
          },
          "sensitive_attributes": [],
          "private": "eyJlMmJmYjczMC1lY2FhLTExZTYtOGY4OC0zNDM2M2JjN2M0YzAiOnsiY3JlYXRlIjoxODAwMDAwMDAwMDAwLCJkZWxldGUiOjE4MDAwMDAwMDAwMDAsInJlYWQiOjMwMDAwMDAwMDAwMCwidXBkYXRlIjoxODAwMDAwMDAwMDAwfX0=",
          "dependencies": [
            "azurerm_network_security_group.mtc_sg",
            "azurerm_resource_group.mtc_rg",
            "azurerm_subnet.mtc_subnet",
            "azurerm_virtual_network.mtc_vn"
          ]
        }
      ]
    },
    {
      "mode": "managed",
      "type": "azurerm_virtual_network",
      "name": "mtc_vn",
      "provider": "provider[\"registry.terraform.io/hashicorp/azurerm\"]",
      "instances": [
        {
          "schema_version": 0,
          "attributes": {
            "address_space": [
              "10.123.0.0/16"
            ],
            "bgp_community": "",
            "ddos_protection_plan": [],
            "dns_servers": [],
            "edge_zone": "",
            "flow_timeout_in_minutes": 0,
            "guid": "d30b0477-cf4e-4a43-95c5-ab23ed8134ba",
            "id": "/subscriptions/3a6c1aa9-d3d2-429e-aa5e-003bc92afadd/resourceGroups/mtc_resources/providers/Microsoft.Network/virtualNetworks/mtc_network",
            "location": "eastus",
            "name": "mtc_network",
            "resource_group_name": "mtc_resources",
            "subnet": [
              {
                "address_prefix": "10.123.1.0/24",
                "id": "/subscriptions/3a6c1aa9-d3d2-429e-aa5e-003bc92afadd/resourceGroups/mtc_resources/providers/Microsoft.Network/virtualNetworks/mtc_network/subnets/mtc_subnet",
                "name": "mtc_subnet",
                "security_group": "/subscriptions/3a6c1aa9-d3d2-429e-aa5e-003bc92afadd/resourceGroups/mtc_resources/providers/Microsoft.Network/networkSecurityGroups/mtc_sg"
              }
            ],
            "tags": {
              "environment": "dev"
            },
            "timeouts": null
          },
          "sensitive_attributes": [],
          "private": "eyJlMmJmYjczMC1lY2FhLTExZTYtOGY4OC0zNDM2M2JjN2M0YzAiOnsiY3JlYXRlIjoxODAwMDAwMDAwMDAwLCJkZWxldGUiOjE4MDAwMDAwMDAwMDAsInJlYWQiOjMwMDAwMDAwMDAwMCwidXBkYXRlIjoxODAwMDAwMDAwMDAwfX0=",
          "dependencies": [
            "azurerm_resource_group.mtc_rg"
          ]
        }
      ]
    }
  ],
  "check_results": null
}
