{
  "version": 4,
  "terraform_version": "1.4.5",
  "serial": 68,
  "lineage": "231361c3-fc07-2b5c-4555-ea0dcb503786",
  "outputs": {},
  "resources": [
    {
      "mode": "managed",
      "type": "azurerm_linux_virtual_machine",
      "name": "balxvm",
      "provider": "provider[\"registry.terraform.io/hashicorp/azurerm\"]",
      "instances": [
        {
          "schema_version": 0,
          "attributes": {
            "additional_capabilities": [],
            "admin_password": null,
            "admin_ssh_key": [
              {
                "public_key": "ssh-rsa AAAAB3NzaC1yc2EAAAADAQABAAABgQC5QiJeEdiodrLj6iB52FVjfp/GQyC/f89gifkv8PdZInxAMiGPlq0n1FnRztTZHNHQioKUzJEq5ewyCFc6s9JO52PWqp7bCQ+H8UBPYUfkQmLMWpMy+dZZIG4h6izLDcTO5GUl8tZvKkUE3OpmI6jDxWpxCCnfu/I5RCflAyKR8EN0UXA+fejZKetNK7kfCyOQa010BivrJoEXn8cMZFLNIQRnEKxyvMFdkOCiZoZHELz+MBXdyJfCaKpnbNjYuhlCRb389j7wwUXr9IRbG0XpydGcW2hv3TYirskjcYmPnxaXjJBlR3Sib8c596X6CNyCWG29BusSE8KfRBrqCv1DBZbAkgx40fFy/vjpU9JMdru4IB4sfQdQ1O2HAzV546fTb9jqJrAV3OZ2n/24Bg5FXr1SF501MSacwR6jv0EZIQgaN7EiV2lnSMulkapdURBU1yLovua1MmI90boRq0mmdBCsc0fIzZwhnCNp7fKbrqUCIZcYbLK3Jj6hIBc5fjc= babor@LAPTOP-MR3O518V\r\n",
                "username": "adminuser"
              }
            ],
            "admin_username": "adminuser",
            "allow_extension_operations": true,
            "availability_set_id": "",
            "boot_diagnostics": [],
            "capacity_reservation_group_id": "",
            "computer_name": "lxvm",
            "custom_data": null,
            "dedicated_host_group_id": "",
            "dedicated_host_id": "",
            "disable_password_authentication": true,
            "edge_zone": "",
            "encryption_at_host_enabled": false,
            "eviction_policy": "",
            "extensions_time_budget": "PT1H30M",
            "gallery_application": [],
            "id": "/subscriptions/3a6c1aa9-d3d2-429e-aa5e-003bc92afadd/resourceGroups/BA_resources/providers/Microsoft.Compute/virtualMachines/balxvm",
            "identity": [],
            "license_type": "",
            "location": "westeurope",
            "max_bid_price": -1,
            "name": "balxvm",
            "network_interface_ids": [
              "/subscriptions/3a6c1aa9-d3d2-429e-aa5e-003bc92afadd/resourceGroups/BA_resources/providers/Microsoft.Network/networkInterfaces/BA_nic2"
            ],
            "os_disk": [
              {
                "caching": "ReadWrite",
                "diff_disk_settings": [],
                "disk_encryption_set_id": "",
                "disk_size_gb": 30,
                "name": "balxvm_OsDisk_1_db01214473354dec8c877548a0a4f7d3",
                "secure_vm_disk_encryption_set_id": "",
                "security_encryption_type": "",
                "storage_account_type": "Standard_LRS",
                "write_accelerator_enabled": false
              }
            ],
            "patch_assessment_mode": "ImageDefault",
            "patch_mode": "ImageDefault",
            "plan": [],
            "platform_fault_domain": -1,
            "priority": "Regular",
            "private_ip_address": "10.0.2.5",
            "private_ip_addresses": [
              "10.0.2.5"
            ],
            "provision_vm_agent": true,
            "proximity_placement_group_id": "",
            "public_ip_address": "",
            "public_ip_addresses": [],
            "resource_group_name": "BA_resources",
            "secret": [],
            "secure_boot_enabled": false,
            "size": "Standard_B1s",
            "source_image_id": "",
            "source_image_reference": [
              {
                "offer": "0001-com-ubuntu-server-focal",
                "publisher": "Canonical",
                "sku": "20_04-lts",
                "version": "latest"
              }
            ],
            "tags": {},
            "termination_notification": [],
            "timeouts": null,
            "user_data": "",
            "virtual_machine_id": "58ce40e2-1ccf-47b4-94ae-815ca3e84370",
            "virtual_machine_scale_set_id": "",
            "vtpm_enabled": false,
            "zone": ""
          },
          "sensitive_attributes": [],
          "private": "eyJlMmJmYjczMC1lY2FhLTExZTYtOGY4OC0zNDM2M2JjN2M0YzAiOnsiY3JlYXRlIjoyNzAwMDAwMDAwMDAwLCJkZWxldGUiOjI3MDAwMDAwMDAwMDAsInJlYWQiOjMwMDAwMDAwMDAwMCwidXBkYXRlIjoyNzAwMDAwMDAwMDAwfX0=",
          "dependencies": [
            "azurerm_network_interface.BA_nic2",
            "azurerm_resource_group.BA_rg",
            "azurerm_subnet.BA_sn",
            "azurerm_virtual_network.BA_vn"
          ]
        }
      ]
    },
    {
      "mode": "managed",
      "type": "azurerm_network_interface",
      "name": "BA_nic",
      "provider": "provider[\"registry.terraform.io/hashicorp/azurerm\"]",
      "instances": [
        {
          "schema_version": 0,
          "attributes": {
            "applied_dns_servers": [],
            "dns_servers": [],
            "edge_zone": "",
            "enable_accelerated_networking": false,
            "enable_ip_forwarding": false,
            "id": "/subscriptions/3a6c1aa9-d3d2-429e-aa5e-003bc92afadd/resourceGroups/BA_resources/providers/Microsoft.Network/networkInterfaces/BA_nic",
            "internal_dns_name_label": "",
            "internal_domain_name_suffix": "j24yybu4lhfexozd1fug0fz2kf.ax.internal.cloudapp.net",
            "ip_configuration": [
              {
                "gateway_load_balancer_frontend_ip_configuration_id": "",
                "name": "internal",
                "primary": true,
                "private_ip_address": "10.0.2.4",
                "private_ip_address_allocation": "Dynamic",
                "private_ip_address_version": "IPv4",
                "public_ip_address_id": "",
                "subnet_id": "/subscriptions/3a6c1aa9-d3d2-429e-aa5e-003bc92afadd/resourceGroups/BA_resources/providers/Microsoft.Network/virtualNetworks/BA_network/subnets/BA_sn"
              }
            ],
            "location": "westeurope",
            "mac_address": "00-0D-3A-46-DF-A8",
            "name": "BA_nic",
            "private_ip_address": "10.0.2.4",
            "private_ip_addresses": [
              "10.0.2.4"
            ],
            "resource_group_name": "BA_resources",
            "tags": {},
            "timeouts": null,
            "virtual_machine_id": "/subscriptions/3a6c1aa9-d3d2-429e-aa5e-003bc92afadd/resourceGroups/BA_resources/providers/Microsoft.Compute/virtualMachines/BA_wvm"
          },
          "sensitive_attributes": [],
          "private": "eyJlMmJmYjczMC1lY2FhLTExZTYtOGY4OC0zNDM2M2JjN2M0YzAiOnsiY3JlYXRlIjoxODAwMDAwMDAwMDAwLCJkZWxldGUiOjE4MDAwMDAwMDAwMDAsInJlYWQiOjMwMDAwMDAwMDAwMCwidXBkYXRlIjoxODAwMDAwMDAwMDAwfX0=",
          "dependencies": [
            "azurerm_resource_group.BA_rg",
            "azurerm_subnet.BA_sn",
            "azurerm_virtual_network.BA_vn"
          ]
        }
      ]
    },
    {
      "mode": "managed",
      "type": "azurerm_network_interface",
      "name": "BA_nic2",
      "provider": "provider[\"registry.terraform.io/hashicorp/azurerm\"]",
      "instances": [
        {
          "schema_version": 0,
          "attributes": {
            "applied_dns_servers": [],
            "dns_servers": [],
            "edge_zone": "",
            "enable_accelerated_networking": false,
            "enable_ip_forwarding": false,
            "id": "/subscriptions/3a6c1aa9-d3d2-429e-aa5e-003bc92afadd/resourceGroups/BA_resources/providers/Microsoft.Network/networkInterfaces/BA_nic2",
            "internal_dns_name_label": "",
            "internal_domain_name_suffix": "j24yybu4lhfexozd1fug0fz2kf.ax.internal.cloudapp.net",
            "ip_configuration": [
              {
                "gateway_load_balancer_frontend_ip_configuration_id": "",
                "name": "internal",
                "primary": true,
                "private_ip_address": "10.0.2.5",
                "private_ip_address_allocation": "Dynamic",
                "private_ip_address_version": "IPv4",
                "public_ip_address_id": "",
                "subnet_id": "/subscriptions/3a6c1aa9-d3d2-429e-aa5e-003bc92afadd/resourceGroups/BA_resources/providers/Microsoft.Network/virtualNetworks/BA_network/subnets/BA_sn"
              }
            ],
            "location": "westeurope",
            "mac_address": "00-22-48-8B-56-13",
            "name": "BA_nic2",
            "private_ip_address": "10.0.2.5",
            "private_ip_addresses": [
              "10.0.2.5"
            ],
            "resource_group_name": "BA_resources",
            "tags": {},
            "timeouts": null,
            "virtual_machine_id": "/subscriptions/3a6c1aa9-d3d2-429e-aa5e-003bc92afadd/resourceGroups/BA_resources/providers/Microsoft.Compute/virtualMachines/balxvm"
          },
          "sensitive_attributes": [],
          "private": "eyJlMmJmYjczMC1lY2FhLTExZTYtOGY4OC0zNDM2M2JjN2M0YzAiOnsiY3JlYXRlIjoxODAwMDAwMDAwMDAwLCJkZWxldGUiOjE4MDAwMDAwMDAwMDAsInJlYWQiOjMwMDAwMDAwMDAwMCwidXBkYXRlIjoxODAwMDAwMDAwMDAwfX0=",
          "dependencies": [
            "azurerm_resource_group.BA_rg",
            "azurerm_subnet.BA_sn",
            "azurerm_virtual_network.BA_vn"
          ]
        }
      ]
    },
    {
      "mode": "managed",
      "type": "azurerm_network_security_group",
      "name": "BA_sg",
      "provider": "provider[\"registry.terraform.io/hashicorp/azurerm\"]",
      "instances": [
        {
          "schema_version": 0,
          "attributes": {
            "id": "/subscriptions/3a6c1aa9-d3d2-429e-aa5e-003bc92afadd/resourceGroups/BA_resources/providers/Microsoft.Network/networkSecurityGroups/BA_sg",
            "location": "westeurope",
            "name": "BA_sg",
            "resource_group_name": "BA_resources",
            "security_rule": [
              {
                "access": "Allow",
                "description": "",
                "destination_address_prefix": "*",
                "destination_address_prefixes": [],
                "destination_application_security_group_ids": [],
                "destination_port_range": "*",
                "destination_port_ranges": [],
                "direction": "Inbound",
                "name": "BA_test123",
                "priority": 100,
                "protocol": "Tcp",
                "source_address_prefix": "*",
                "source_address_prefixes": [],
                "source_application_security_group_ids": [],
                "source_port_range": "*",
                "source_port_ranges": []
              }
            ],
            "tags": {
              "environment": "Staging"
            },
            "timeouts": null
          },
          "sensitive_attributes": [],
          "private": "eyJlMmJmYjczMC1lY2FhLTExZTYtOGY4OC0zNDM2M2JjN2M0YzAiOnsiY3JlYXRlIjoxODAwMDAwMDAwMDAwLCJkZWxldGUiOjE4MDAwMDAwMDAwMDAsInJlYWQiOjMwMDAwMDAwMDAwMCwidXBkYXRlIjoxODAwMDAwMDAwMDAwfX0=",
          "dependencies": [
            "azurerm_resource_group.BA_rg"
          ]
        }
      ]
    },
    {
      "mode": "managed",
      "type": "azurerm_resource_group",
      "name": "BA_rg",
      "provider": "provider[\"registry.terraform.io/hashicorp/azurerm\"]",
      "instances": [
        {
          "schema_version": 0,
          "attributes": {
            "id": "/subscriptions/3a6c1aa9-d3d2-429e-aa5e-003bc92afadd/resourceGroups/BA_resources",
            "location": "westeurope",
            "name": "BA_resources",
            "tags": {
              "environment": "staging"
            },
            "timeouts": null
          },
          "sensitive_attributes": [],
          "private": "eyJlMmJmYjczMC1lY2FhLTExZTYtOGY4OC0zNDM2M2JjN2M0YzAiOnsiY3JlYXRlIjo1NDAwMDAwMDAwMDAwLCJkZWxldGUiOjU0MDAwMDAwMDAwMDAsInJlYWQiOjMwMDAwMDAwMDAwMCwidXBkYXRlIjo1NDAwMDAwMDAwMDAwfX0="
        }
      ]
    },
    {
      "mode": "managed",
      "type": "azurerm_storage_account",
      "name": "BA_sa",
      "provider": "provider[\"registry.terraform.io/hashicorp/azurerm\"]",
      "instances": [
        {
          "schema_version": 3,
          "attributes": {
            "access_tier": "Hot",
            "account_kind": "StorageV2",
            "account_replication_type": "LRS",
            "account_tier": "Standard",
            "allow_nested_items_to_be_public": true,
            "allowed_copy_scope": "",
            "azure_files_authentication": [],
            "blob_properties": [
              {
                "change_feed_enabled": false,
                "change_feed_retention_in_days": 0,
                "container_delete_retention_policy": [],
                "cors_rule": [],
                "default_service_version": "",
                "delete_retention_policy": [],
                "last_access_time_enabled": false,
                "restore_policy": [],
                "versioning_enabled": false
              }
            ],
            "cross_tenant_replication_enabled": true,
            "custom_domain": [],
            "customer_managed_key": [],
            "default_to_oauth_authentication": false,
            "edge_zone": "",
            "enable_https_traffic_only": true,
            "id": "/subscriptions/3a6c1aa9-d3d2-429e-aa5e-003bc92afadd/resourceGroups/BA_resources/providers/Microsoft.Storage/storageAccounts/basa123",
            "identity": [],
            "immutability_policy": [],
            "infrastructure_encryption_enabled": false,
            "is_hns_enabled": false,
            "large_file_share_enabled": null,
            "location": "westeurope",
            "min_tls_version": "TLS1_2",
            "name": "basa123",
            "network_rules": [
              {
                "bypass": [
                  "AzureServices"
                ],
                "default_action": "Allow",
                "ip_rules": [],
                "private_link_access": [],
                "virtual_network_subnet_ids": []
              }
            ],
            "nfsv3_enabled": false,
            "primary_access_key": "OPH6h0L1Ru7dDGzgDh5FoOKaRLbrm+kD9Nm7nx4m6L4j/a1cpbz+xe/F903WIYKKNLlk3HrVY/VW+AStp+8PJA==",
            "primary_blob_connection_string": "DefaultEndpointsProtocol=https;BlobEndpoint=https://basa123.blob.core.windows.net/;AccountName=basa123;AccountKey=OPH6h0L1Ru7dDGzgDh5FoOKaRLbrm+kD9Nm7nx4m6L4j/a1cpbz+xe/F903WIYKKNLlk3HrVY/VW+AStp+8PJA==",
            "primary_blob_endpoint": "https://basa123.blob.core.windows.net/",
            "primary_blob_host": "basa123.blob.core.windows.net",
            "primary_connection_string": "DefaultEndpointsProtocol=https;AccountName=basa123;AccountKey=OPH6h0L1Ru7dDGzgDh5FoOKaRLbrm+kD9Nm7nx4m6L4j/a1cpbz+xe/F903WIYKKNLlk3HrVY/VW+AStp+8PJA==;EndpointSuffix=core.windows.net",
            "primary_dfs_endpoint": "https://basa123.dfs.core.windows.net/",
            "primary_dfs_host": "basa123.dfs.core.windows.net",
            "primary_file_endpoint": "https://basa123.file.core.windows.net/",
            "primary_file_host": "basa123.file.core.windows.net",
            "primary_location": "westeurope",
            "primary_queue_endpoint": "https://basa123.queue.core.windows.net/",
            "primary_queue_host": "basa123.queue.core.windows.net",
            "primary_table_endpoint": "https://basa123.table.core.windows.net/",
            "primary_table_host": "basa123.table.core.windows.net",
            "primary_web_endpoint": "https://basa123.z6.web.core.windows.net/",
            "primary_web_host": "basa123.z6.web.core.windows.net",
            "public_network_access_enabled": true,
            "queue_encryption_key_type": "Service",
            "queue_properties": [
              {
                "cors_rule": [],
                "hour_metrics": [
                  {
                    "enabled": true,
                    "include_apis": true,
                    "retention_policy_days": 7,
                    "version": "1.0"
                  }
                ],
                "logging": [
                  {
                    "delete": false,
                    "read": false,
                    "retention_policy_days": 0,
                    "version": "1.0",
                    "write": false
                  }
                ],
                "minute_metrics": [
                  {
                    "enabled": false,
                    "include_apis": false,
                    "retention_policy_days": 0,
                    "version": "1.0"
                  }
                ]
              }
            ],
            "resource_group_name": "BA_resources",
            "routing": [],
            "sas_policy": [],
            "secondary_access_key": "JHE9MwPV1nE9P2Qheh8rY0M+VpvD5RQeLVRa1cbZgRjoIot0+4snyLkZDb7HU49S8kzMMmcqr2X4+ASt+NZHXg==",
            "secondary_blob_connection_string": "",
            "secondary_blob_endpoint": null,
            "secondary_blob_host": null,
            "secondary_connection_string": "DefaultEndpointsProtocol=https;AccountName=basa123;AccountKey=JHE9MwPV1nE9P2Qheh8rY0M+VpvD5RQeLVRa1cbZgRjoIot0+4snyLkZDb7HU49S8kzMMmcqr2X4+ASt+NZHXg==;EndpointSuffix=core.windows.net",
            "secondary_dfs_endpoint": null,
            "secondary_dfs_host": null,
            "secondary_file_endpoint": null,
            "secondary_file_host": null,
            "secondary_location": "",
            "secondary_queue_endpoint": null,
            "secondary_queue_host": null,
            "secondary_table_endpoint": null,
            "secondary_table_host": null,
            "secondary_web_endpoint": null,
            "secondary_web_host": null,
            "sftp_enabled": false,
            "share_properties": [
              {
                "cors_rule": [],
                "retention_policy": [
                  {
                    "days": 7
                  }
                ],
                "smb": []
              }
            ],
            "shared_access_key_enabled": true,
            "static_website": [],
            "table_encryption_key_type": "Service",
            "tags": {},
            "timeouts": null
          },
          "sensitive_attributes": [],
          "private": "eyJlMmJmYjczMC1lY2FhLTExZTYtOGY4OC0zNDM2M2JjN2M0YzAiOnsiY3JlYXRlIjozNjAwMDAwMDAwMDAwLCJkZWxldGUiOjM2MDAwMDAwMDAwMDAsInJlYWQiOjMwMDAwMDAwMDAwMCwidXBkYXRlIjozNjAwMDAwMDAwMDAwfSwic2NoZW1hX3ZlcnNpb24iOiIzIn0=",
          "dependencies": [
            "azurerm_resource_group.BA_rg"
          ]
        }
      ]
    },
    {
      "mode": "managed",
      "type": "azurerm_storage_blob",
      "name": "BA_blob",
      "provider": "provider[\"registry.terraform.io/hashicorp/azurerm\"]",
      "instances": [
        {
          "schema_version": 1,
          "attributes": {
            "access_tier": "Hot",
            "cache_control": "",
            "content_md5": "",
            "content_type": "application/octet-stream",
            "id": "https://basa123.blob.core.windows.net/basc123/ba_blob",
            "metadata": {},
            "name": "ba_blob",
            "parallelism": 8,
            "size": 0,
            "source": null,
            "source_content": null,
            "source_uri": null,
            "storage_account_name": "basa123",
            "storage_container_name": "basc123",
            "timeouts": null,
            "type": "Block",
            "url": "https://basa123.blob.core.windows.net/basc123/ba_blob"
          },
          "sensitive_attributes": [],
          "private": "eyJlMmJmYjczMC1lY2FhLTExZTYtOGY4OC0zNDM2M2JjN2M0YzAiOnsiY3JlYXRlIjoxODAwMDAwMDAwMDAwLCJkZWxldGUiOjE4MDAwMDAwMDAwMDAsInJlYWQiOjMwMDAwMDAwMDAwMCwidXBkYXRlIjoxODAwMDAwMDAwMDAwfSwic2NoZW1hX3ZlcnNpb24iOiIxIn0=",
          "dependencies": [
            "azurerm_resource_group.BA_rg",
            "azurerm_storage_account.BA_sa",
            "azurerm_storage_container.BA_sc"
          ]
        }
      ]
    },
    {
      "mode": "managed",
      "type": "azurerm_storage_container",
      "name": "BA_sc",
      "provider": "provider[\"registry.terraform.io/hashicorp/azurerm\"]",
      "instances": [
        {
          "schema_version": 1,
          "attributes": {
            "container_access_type": "private",
            "has_immutability_policy": false,
            "has_legal_hold": false,
            "id": "https://basa123.blob.core.windows.net/basc123",
            "metadata": {},
            "name": "basc123",
            "resource_manager_id": "/subscriptions/3a6c1aa9-d3d2-429e-aa5e-003bc92afadd/resourceGroups/BA_resources/providers/Microsoft.Storage/storageAccounts/basa123/blobServices/default/containers/basc123",
            "storage_account_name": "basa123",
            "timeouts": null
          },
          "sensitive_attributes": [],
          "private": "eyJlMmJmYjczMC1lY2FhLTExZTYtOGY4OC0zNDM2M2JjN2M0YzAiOnsiY3JlYXRlIjoxODAwMDAwMDAwMDAwLCJkZWxldGUiOjE4MDAwMDAwMDAwMDAsInJlYWQiOjMwMDAwMDAwMDAwMCwidXBkYXRlIjoxODAwMDAwMDAwMDAwfSwic2NoZW1hX3ZlcnNpb24iOiIxIn0=",
          "dependencies": [
            "azurerm_resource_group.BA_rg",
            "azurerm_storage_account.BA_sa"
          ]
        }
      ]
    },
    {
      "mode": "managed",
      "type": "azurerm_subnet",
      "name": "BA_sn",
      "provider": "provider[\"registry.terraform.io/hashicorp/azurerm\"]",
      "instances": [
        {
          "schema_version": 0,
          "attributes": {
            "address_prefixes": [
              "10.0.2.0/24"
            ],
            "delegation": [],
            "enforce_private_link_endpoint_network_policies": false,
            "enforce_private_link_service_network_policies": false,
            "id": "/subscriptions/3a6c1aa9-d3d2-429e-aa5e-003bc92afadd/resourceGroups/BA_resources/providers/Microsoft.Network/virtualNetworks/BA_network/subnets/BA_sn",
            "name": "BA_sn",
            "private_endpoint_network_policies_enabled": true,
            "private_link_service_network_policies_enabled": true,
            "resource_group_name": "BA_resources",
            "service_endpoint_policy_ids": [],
            "service_endpoints": [
              "Microsoft.Sql",
              "Microsoft.Storage"
            ],
            "timeouts": null,
            "virtual_network_name": "BA_network"
          },
          "sensitive_attributes": [],
          "private": "eyJlMmJmYjczMC1lY2FhLTExZTYtOGY4OC0zNDM2M2JjN2M0YzAiOnsiY3JlYXRlIjoxODAwMDAwMDAwMDAwLCJkZWxldGUiOjE4MDAwMDAwMDAwMDAsInJlYWQiOjMwMDAwMDAwMDAwMCwidXBkYXRlIjoxODAwMDAwMDAwMDAwfX0=",
          "dependencies": [
            "azurerm_resource_group.BA_rg",
            "azurerm_virtual_network.BA_vn"
          ]
        }
      ]
    },
    {
      "mode": "managed",
      "type": "azurerm_subnet_network_security_group_association",
      "name": "BA_nsga",
      "provider": "provider[\"registry.terraform.io/hashicorp/azurerm\"]",
      "instances": [
        {
          "schema_version": 0,
          "attributes": {
            "id": "/subscriptions/3a6c1aa9-d3d2-429e-aa5e-003bc92afadd/resourceGroups/BA_resources/providers/Microsoft.Network/virtualNetworks/BA_network/subnets/BA_sn",
            "network_security_group_id": "/subscriptions/3a6c1aa9-d3d2-429e-aa5e-003bc92afadd/resourceGroups/BA_resources/providers/Microsoft.Network/networkSecurityGroups/BA_sg",
            "subnet_id": "/subscriptions/3a6c1aa9-d3d2-429e-aa5e-003bc92afadd/resourceGroups/BA_resources/providers/Microsoft.Network/virtualNetworks/BA_network/subnets/BA_sn",
            "timeouts": null
          },
          "sensitive_attributes": [],
          "private": "eyJlMmJmYjczMC1lY2FhLTExZTYtOGY4OC0zNDM2M2JjN2M0YzAiOnsiY3JlYXRlIjoxODAwMDAwMDAwMDAwLCJkZWxldGUiOjE4MDAwMDAwMDAwMDAsInJlYWQiOjMwMDAwMDAwMDAwMCwidXBkYXRlIjoxODAwMDAwMDAwMDAwfX0=",
          "dependencies": [
            "azurerm_network_security_group.BA_sg",
            "azurerm_subnet.BA_sn"
          ]
        }
      ]
    },
    {
      "mode": "managed",
      "type": "azurerm_virtual_network",
      "name": "BA_vn",
      "provider": "provider[\"registry.terraform.io/hashicorp/azurerm\"]",
      "instances": [
        {
          "schema_version": 0,
          "attributes": {
            "address_space": [
              "10.0.0.0/16"
            ],
            "bgp_community": "",
            "ddos_protection_plan": [],
            "dns_servers": [],
            "edge_zone": "",
            "flow_timeout_in_minutes": 0,
            "guid": "068c3d4f-599e-4bca-bb23-d9686d173c55",
            "id": "/subscriptions/3a6c1aa9-d3d2-429e-aa5e-003bc92afadd/resourceGroups/BA_resources/providers/Microsoft.Network/virtualNetworks/BA_network",
            "location": "westeurope",
            "name": "BA_network",
            "resource_group_name": "BA_resources",
            "subnet": [
              {
                "address_prefix": "10.0.2.0/24",
                "id": "/subscriptions/3a6c1aa9-d3d2-429e-aa5e-003bc92afadd/resourceGroups/BA_resources/providers/Microsoft.Network/virtualNetworks/BA_network/subnets/BA_sn",
                "name": "BA_sn",
                "security_group": ""
              }
            ],
            "tags": {
              "environment": "staging"
            },
            "timeouts": null
          },
          "sensitive_attributes": [],
          "private": "eyJlMmJmYjczMC1lY2FhLTExZTYtOGY4OC0zNDM2M2JjN2M0YzAiOnsiY3JlYXRlIjoxODAwMDAwMDAwMDAwLCJkZWxldGUiOjE4MDAwMDAwMDAwMDAsInJlYWQiOjMwMDAwMDAwMDAwMCwidXBkYXRlIjoxODAwMDAwMDAwMDAwfX0=",
          "dependencies": [
            "azurerm_resource_group.BA_rg"
          ]
        }
      ]
    },
    {
      "mode": "managed",
      "type": "azurerm_windows_virtual_machine",
      "name": "BA_wvm",
      "provider": "provider[\"registry.terraform.io/hashicorp/azurerm\"]",
      "instances": [
        {
          "schema_version": 0,
          "attributes": {
            "additional_capabilities": [],
            "additional_unattend_content": [],
            "admin_password": "P@$$w0rd1234!",
            "admin_username": "adminuser",
            "allow_extension_operations": true,
            "availability_set_id": "",
            "boot_diagnostics": [],
            "capacity_reservation_group_id": "",
            "computer_name": "wvm",
            "custom_data": null,
            "dedicated_host_group_id": "",
            "dedicated_host_id": "",
            "edge_zone": "",
            "enable_automatic_updates": true,
            "encryption_at_host_enabled": false,
            "eviction_policy": "",
            "extensions_time_budget": "PT1H30M",
            "gallery_application": [],
            "hotpatching_enabled": false,
            "id": "/subscriptions/3a6c1aa9-d3d2-429e-aa5e-003bc92afadd/resourceGroups/BA_resources/providers/Microsoft.Compute/virtualMachines/BA_wvm",
            "identity": [],
            "license_type": "",
            "location": "westeurope",
            "max_bid_price": -1,
            "name": "BA_wvm",
            "network_interface_ids": [
              "/subscriptions/3a6c1aa9-d3d2-429e-aa5e-003bc92afadd/resourceGroups/BA_resources/providers/Microsoft.Network/networkInterfaces/BA_nic"
            ],
            "os_disk": [
              {
                "caching": "ReadWrite",
                "diff_disk_settings": [],
                "disk_encryption_set_id": "",
                "disk_size_gb": 127,
                "name": "BA_wvm_OsDisk_1_fab640b450494a3d8c7cdac036917f0f",
                "secure_vm_disk_encryption_set_id": "",
                "security_encryption_type": "",
                "storage_account_type": "Standard_LRS",
                "write_accelerator_enabled": false
              }
            ],
            "patch_assessment_mode": "ImageDefault",
            "patch_mode": "AutomaticByOS",
            "plan": [],
            "platform_fault_domain": -1,
            "priority": "Regular",
            "private_ip_address": "10.0.2.4",
            "private_ip_addresses": [
              "10.0.2.4"
            ],
            "provision_vm_agent": true,
            "proximity_placement_group_id": "",
            "public_ip_address": "",
            "public_ip_addresses": [],
            "resource_group_name": "BA_resources",
            "secret": [],
            "secure_boot_enabled": false,
            "size": "Standard_B1s",
            "source_image_id": "",
            "source_image_reference": [
              {
                "offer": "WindowsServer",
                "publisher": "MicrosoftWindowsServer",
                "sku": "2016-Datacenter",
                "version": "latest"
              }
            ],
            "tags": {},
            "termination_notification": [],
            "timeouts": null,
            "timezone": "",
            "user_data": "",
            "virtual_machine_id": "56604d48-9096-4a86-8860-d413ff63d312",
            "virtual_machine_scale_set_id": "",
            "vtpm_enabled": false,
            "winrm_listener": [],
            "zone": ""
          },
          "sensitive_attributes": [],
          "private": "eyJlMmJmYjczMC1lY2FhLTExZTYtOGY4OC0zNDM2M2JjN2M0YzAiOnsiY3JlYXRlIjoyNzAwMDAwMDAwMDAwLCJkZWxldGUiOjI3MDAwMDAwMDAwMDAsInJlYWQiOjMwMDAwMDAwMDAwMCwidXBkYXRlIjoyNzAwMDAwMDAwMDAwfX0=",
          "dependencies": [
            "azurerm_network_interface.BA_nic",
            "azurerm_resource_group.BA_rg",
            "azurerm_subnet.BA_sn",
            "azurerm_virtual_network.BA_vn"
          ]
        }
      ]
    }
  ],
  "check_results": null
}
